cloud.google.com/go/compute v1.12.1 h1:gKVJMEyqV5c/UnpzjjQbo3Rjvvqpr9B1DFSbJC4OXr0=
cloud.google.com/go/compute v1.12.1/go.mod h1:e8yNOBcBONZU1vJKCvCoDw/4JQsA0dpM4x/6PIIOocU=
cloud.google.com/go/compute/metadata v0.2.1 h1:efOwf5ymceDhK6PKMnnrTHP4pppY5L22mle96M1yP48=
cloud.google.com/go/compute/metadata v0.2.1/go.mod h1:jgHgmJd2RKBGzXqF5LR2EZMGxBkeanZ9wwa75XHJgOM=
github.com/aristanetworks/goarista v0.0.0-20221101123548-fda6a90d1d2b h1:FZdwcmrP4aNhewsR3C3nutHAE6oRxTPI9nz13DILdVo=
github.com/aristanetworks/goarista v0.0.0-20221101123548-fda6a90d1d2b/go.mod h1:6Oq8lvpleFE+gXVaWdwrK/Ivtn/Pn+9o0mXsqdecNIo=
github.com/certifi/gocertifi v0.0.0-20210429200110-83314bf6d27c h1:Tt0GPSnn14HRN/+db/WGBPDnUykj4b7EBNtBdHVQFiY=
github.com/certifi/gocertifi v0.0.0-20210429200110-83314bf6d27c/go.mod h1:sGbDF6GwGcLpkNXPUTkMRoywsNa/ol15pxFe6ERfguA=
github.com/go-stack/stack v1.8.1 h1:ntEHSVwIt7PNXNpgPmVfMrNhLtgjlmnZha2kOpuRiDw=
github.com/go-stack/stack v1.8.1/go.mod h1:dcoOX6HbPZSZptuspn9bctJ+N/CnF5gGygcUP3XYfe4=
github.com/gofrs/uuid v4.3.1+incompatible h1:0/KbAdpx3UXAx1kEOWHJeOkpbgRFGHVgv+CFIY7dBJI=
github.com/gofrs/uuid v4.3.1+incompatible/go.mod h1:b2aQJv3Z4Fp6yNu3cdSllBxTCLRxnplIgP/c0N/04lM=
github.com/golang/groupcache v0.0.0-20210331224755-41bb18bfe9da h1:oI5xCqsCo564l8iNU+DwB5epxmsaqB+rhGL0m5jtYqE=
github.com/golang/groupcache v0.0.0-20210331224755-41bb18bfe9da/go.mod h1:cIg4eruTrX1D+g88fzRXU5OdNfaM+9IcxsU14FzY7Hc=
github.com/golang/protobuf v1.3.1/go.mod h1:6lQm79b+lXiMfvg/cZm0SGofjICqVBUtrP5yJMmIC1U=
github.com/golang/protobuf v1.5.0/go.mod h1:FsONVRAS9T7sI+LIUmWTfcYkHO4aIWwzhcaSAoJOfIk=
github.com/golang/protobuf v1.5.2 h1:ROPKBNFfQgOUMifHyP+KYbvpjbdoFNs+aK7DXlji0Tw=
github.com/golang/protobuf v1.5.2/go.mod h1:XVQd3VNwM+JqD3oG2Ue2ip4fOMUkwXdXDdiuN0vRsmY=
github.com/google/go-cmp v0.5.5/go.mod h1:v8dTdLbMG2kIc/vJvl+f65V22dbkXbowE6jgT/gNBxE=
github.com/google/go-cmp v0.5.9 h1:O2Tfq5qg4qc4AmwVlvv0oLiVAGB7enBSJ2x2DqQFi38=
github.com/inconshreveable/log15 v0.0.0-20221122034931-555555054819 h1:bA/jERuFz6s9Txxitj4gWsfahFpEHPfUXKWfQnBNbCo=
github.com/inconshreveable/log15 v0.0.0-20221122034931-555555054819/go.mod h1:cOaXtrgN4ScfRrD9Bre7U1thNq5RtJ8ZoP4iXVGRj6o=
github.com/kevinburke/go-types v0.0.0-20210723172823-2deba1f80ba7 h1:K8qael4LemsmJCGt+ccI8b0fCNFDttmEu3qtpFt3G0M=
github.com/kevinburke/go-types v0.0.0-20210723172823-2deba1f80ba7/go.mod h1:/Pk5i/SqYdYv1cie5wGwoZ4P6TpgMi+Yf58mtJSHdOw=
github.com/kevinburke/handlers v0.0.0-20221122041956-e19cda53bf92 h1:aOHtAnHgEVku982H9jpyQ9ESRwwT7bcjKF8TH0geSNY=
github.com/kevinburke/handlers v0.0.0-20221122041956-e19cda53bf92/go.mod h1:wOuHsUtSfRb2irqcjH8V3/hrPZq9wKy+NxX+hbfY0uI=
github.com/kevinburke/nacl v0.0.0-20210405173606-cd9060f5f776 h1:W8T7zJRO9imecUZySwPkuXHosjp2MloqAY1eSAEEOIo=
github.com/kevinburke/nacl v0.0.0-20210405173606-cd9060f5f776/go.mod h1:VUp2yfq+wAk8hMl3NNN34fXjzUD9xMpGvUL8eSJz9Ns=
github.com/kevinburke/raven-go v0.0.0-20161009192639-b8684db99b33 h1:lt56qRf8nV6Q91iTutj/KMk2tKiMGeme/zeo+nW93e8=
github.com/kevinburke/raven-go v0.0.0-20161009192639-b8684db99b33/go.mod h1:1tGc7TGy1lN4apsXl9I2ZnTDVg1DcVnJ7f2DyXozTfU=
github.com/kevinburke/rest v0.0.0-20210506044642-5611499aa33c h1:hnbwWED5rIu+UaMkLR3JtnscMVGqp35lfzQwLuZAAUY=
github.com/kevinburke/rest v0.0.0-20210506044642-5611499aa33c/go.mod h1:pD+iEcdAGVXld5foVN4e24zb/6fnb60tgZPZ3P/3T/I=
github.com/kevinburke/twilio-go v0.0.0-20221122012537-65f3dd7539e2 h1:k+lYMvS9cAl7e4Ea78qodfa6QZfXNa4QlFS/0GYpanI=
github.com/kevinburke/twilio-go v0.0.0-20221122012537-65f3dd7539e2/go.mod h1:PDdDH7RSKjjy9iFyoMzfeChOSmXpXuMEUqmAJSihxx4=
github.com/mattn/go-colorable v0.1.13 h1:fFA4WZxdEF4tXPZVKMLwD8oUnCTTo08duU7wxecdEvA=
github.com/mattn/go-colorable v0.1.13/go.mod h1:7S9/ev0klgBDR4GtXTXX8a3vIGJpMovkB8vQcUbaXHg=
github.com/mattn/go-isatty v0.0.16 h1:bq3VjFmv/sOjHtdEhmkEV4x1AJtvUvOJ2PFAZ5+peKQ=
github.com/mattn/go-isatty v0.0.16/go.mod h1:kYGgaQfpe5nmfYZH+SKPsOc2e4SrIfOl2e/yFXSvRLM=
github.com/ttacon/builder v0.0.0-20170518171403-c099f663e1c2 h1:5u+EJUQiosu3JFX0XS0qTf5FznsMOzTjGqavBGuCbo0=
github.com/ttacon/builder v0.0.0-20170518171403-c099f663e1c2/go.mod h1:4kyMkleCiLkgY6z8gK5BkI01ChBtxR0ro3I1ZDcGM3w=
github.com/ttacon/libphonenumber v1.2.1 h1:fzOfY5zUADkCkbIafAed11gL1sW+bJ26p6zWLBMElR4=
github.com/ttacon/libphonenumber v1.2.1/go.mod h1:E0TpmdVMq5dyVlQ7oenAkhsLu86OkUl+yR4OAxyEg/M=
golang.org/x/crypto v0.0.0-20190308221718-c2843e01d9a2/go.mod h1:djNgcEr1/C05ACkg1iLfiJU5Ep61QUkGW8qpdssI0+w=
golang.org/x/crypto v0.3.1-0.20221117191849-2c476679df9a h1:diz9pEYuTIuLMJLs3rGDkeaTsNyRs6duYdFyPAxzE/U=
golang.org/x/crypto v0.3.1-0.20221117191849-2c476679df9a/go.mod h1:hebNnKkNXi2UzZN1eVRvBB7co0a+JxK6XbPiWVs/3J4=
golang.org/x/net v0.0.0-20190603091049-60506f45cf65/go.mod h1:HSz+uSET+XFnRR8LxR5pz3Of3rY3CfYBVs4xY44aLks=
golang.org/x/net v0.2.1-0.20221117215542-ecf7fda6a59e h1:IVOjWZQH/57UDcpX19vSmMz8w3ohroOMWohn8qWpRkg=
golang.org/x/net v0.2.1-0.20221117215542-ecf7fda6a59e/go.mod h1:KqCZLdyyvdV855qA2rE3GC2aiw5xGR5TEjj8smXukLY=
golang.org/x/oauth2 v0.2.1-0.20221117220629-ec4a9b2ff231 h1:LcUfKw+NH2d1tFtQNzn+jrx5gXfalXU2BI9R3puuNOQ=
golang.org/x/oauth2 v0.2.1-0.20221117220629-ec4a9b2ff231/go.mod h1:Cwn6afJ8jrQwYMxQDTpISoXmXW9I6qF6vDeuuoX3Ibs=
golang.org/x/sync v0.1.0 h1:wsuoTGHzEhffawBOhz5CYhcrV4IdKZbEyZjBMuTp12o=
golang.org/x/sync v0.1.0/go.mod h1:RxMgew5VJxzue5/jJTE5uejpjVlOe/izrB70Jof72aM=
golang.org/x/sys v0.0.0-20190215142949-d0b11bdaac8a/go.mod h1:STP8DvDyc/dI5b8T5hshtkjS+E42TnysNCUPdjciGhY=
golang.org/x/sys v0.0.0-20220811171246-fbc7d0a398ab/go.mod h1:oPkhp1MJrh7nUepCBck5+mAzfO9JrbApNNgaTdGDITg=
golang.org/x/sys v0.2.1-0.20221110211117-d684c6f88669 h1:pvmSpBoSG0gD2LLPAX15QHPig8xsbU0tu1sSAmResqk=
golang.org/x/sys v0.2.1-0.20221110211117-d684c6f88669/go.mod h1:oPkhp1MJrh7nUepCBck5+mAzfO9JrbApNNgaTdGDITg=
golang.org/x/term v0.2.0 h1:z85xZCsEl7bi/KwbNADeBYoOP0++7W1ipu+aGnpwzRM=
golang.org/x/term v0.2.0/go.mod h1:TVmDHMZPmdnySmBfhjOoOdhjzdE1h4u1VwSiw2l1Nuc=
golang.org/x/text v0.3.0/go.mod h1:NqM8EUOU14njkJ3fqMW+pc6Ldnwhi/IjpwHt7yyuwOQ=
golang.org/x/text v0.3.2/go.mod h1:bEr9sfX3Q8Zfm5fL9x+3itogRgK3+ptLWKqgva+5dAk=
golang.org/x/text v0.4.1-0.20221110184632-c8236a6712b1 h1:MeNvOWn/3xRkkONM8Kq3bqSSC5YU33Xf00gGusqEuss=
golang.org/x/text v0.4.1-0.20221110184632-c8236a6712b1/go.mod h1:mrYo+phRRbMaCq/xk9113O4dZlRixOauAjOtrjsXDZ8=
golang.org/x/tools v0.0.0-20180917221912-90fa682c2a6e/go.mod h1:n7NCudcB/nEzxVGmLbDWY5pfWTLqBcC2KZ6jyYvM4mQ=
golang.org/x/xerrors v0.0.0-20191204190536-9bdfabe68543/go.mod h1:I/5z698sn9Ka8TeJc9MKroUUfqBBauWjQqLJ2OPfmY0=
google.golang.org/appengine v1.6.7 h1:FZR1q0exgwxzPzp/aF+VccGrSfxfPpkBqjIIEq3ru6c=
google.golang.org/appengine v1.6.7/go.mod h1:8WjMMxjGQR8xUklV/ARdw2HLXBOI7O7uCIDZVag1xfc=
google.golang.org/protobuf v1.26.0-rc.1/go.mod h1:jlhhOSvTdKEhbULTjvd4ARK9grFBp09yW+WbY/TyQbw=
google.golang.org/protobuf v1.26.0/go.mod h1:9q0QmTI4eRPtz6boOQmLYwt+qCgq0jsYwAQnmE0givc=
google.golang.org/protobuf v1.28.1 h1:d0NfwRgPtno5B1Wa6L2DAG+KivqkdutMf1UhdNx175w=
google.golang.org/protobuf v1.28.1/go.mod h1:HV8QOd/L58Z+nl8r43ehVNZIU/HEI6OcFqwMG9pJV4I=
gopkg.in/check.v1 v0.0.0-20161208181325-20d25e280405 h1:yhCVgyC4o1eVCa2tZl7eS0r+SDo693bJlVdllGtEeKM=
gopkg.in/check.v1 v0.0.0-20161208181325-20d25e280405/go.mod h1:Co6ibVJAznAaIkqp8huTwlJQCZ016jof/cbN4VW5Yz0=
gopkg.in/yaml.v2 v2.4.0 h1:D8xgwECY7CYvx+Y2n4sBz93Jn9JRvxdiyyo8CTfuKaY=
gopkg.in/yaml.v2 v2.4.0/go.mod h1:RDklbk79AGWmwhnvt/jBztapEOGDOx6ZbXqjP6csGnQ=
