cloud.google.com/go/compute/metadata v0.9.0 h1:pDUj4QMoPejqq20dK0Pg2N4yG9zIkYGdBtwLoEkH9Zs=
cloud.google.com/go/compute/metadata v0.9.0/go.mod h1:E0bWwX5wTnLPedCKqk3pJmVgCBSM6qQI1yTBdEb3C10=
github.com/aristanetworks/goarista v0.0.0-20251201112602-a373d7c9f0d9 h1:sUmkQn9Eg+C0sRvW5jtAYUcfT1OWJf747YIh9MIvpWY=
github.com/aristanetworks/goarista v0.0.0-20251201112602-a373d7c9f0d9/go.mod h1:FP0assX+asxaJNbxWW6ZnYu/RtL6xtSlcJ7zqAmoRgI=
github.com/goccy/go-yaml v1.19.2 h1:PmFC1S6h8ljIz6gMRBopkjP1TVT7xuwrButHID66PoM=
github.com/goccy/go-yaml v1.19.2/go.mod h1:XBurs7gK8ATbW4ZPGKgcbrY1Br56PdM69F7LkFRi1kA=
github.com/gofrs/uuid/v5 v5.4.0 h1:EfbpCTjqMuGyq5ZJwxqzn3Cbr2d0rUZU7v5ycAk/e/0=
github.com/gofrs/uuid/v5 v5.4.0/go.mod h1:CDOjlDMVAtN56jqyRUZh58JT31Tiw7/oQyEXZV+9bD8=
github.com/golang/groupcache v0.0.0-20241129210726-2c02b8208cf8 h1:f+oWsMOmNPc8JmEHVZIycC7hBoQxHH9pNKQORJNozsQ=
github.com/golang/groupcache v0.0.0-20241129210726-2c02b8208cf8/go.mod h1:wcDNUvekVysuuOpQKo3191zZyTpiI6se1N1ULghS0sw=
github.com/golang/protobuf v1.5.4 h1:i7eJL8qZTpSEXOPTxNKhASYpMn+8e5Q6AdndVa1dWek=
github.com/golang/protobuf v1.5.4/go.mod h1:lnTiLA8Wa4RWRcIUkrtSVa5nRhsEGBg48fD6rSs7xps=
github.com/google/go-cmp v0.7.0 h1:wk8382ETsv4JYUZwIsn6YpYiWiBsYLSJiTsyBybVuN8=
github.com/google/go-cmp v0.7.0/go.mod h1:pXiqmnSA92OHEEa9HXL2W4E7lf9JzCmGVUdgjX3N/iU=
github.com/inconshreveable/log15/v3 v3.2.1 h1:oS4MCb1d5ep7xppvSI/1na3wnpih1VbqkEJQAWIgop0=
github.com/inconshreveable/log15/v3 v3.2.1/go.mod h1:KzlHSHaUNx8G04/wxNni5+FSzHHl6c6qGYNcJcnxn68=
github.com/kevinburke/go-types v1.3.0 h1:YJfPk8jH1OjHCJu4oL/ZXiNKFfRVj4T2snsDq5J92kU=
github.com/kevinburke/go-types v1.3.0/go.mod h1:DvCvGeTLkbt6IYbRTmF1HvLYrFYgINh+OT/9spJreBY=
github.com/kevinburke/handlers v0.50.0 h1:epjCtgGIo8dTpPHGPl2CedRxSy4gLepszMnx9F+zdQE=
github.com/kevinburke/handlers v0.50.0/go.mod h1:SLnMMv4XETcRcmJcEQH6wbQwV14EVMZ/zHf4NuIcSKg=
github.com/kevinburke/nacl v0.9.0 h1:2C9v+jXTUUlK19kw+9rqfsdO7riP5xIyHNJ3GvsgOro=
github.com/kevinburke/nacl v0.9.0/go.mod h1:qxFJhGMHIPiWJXUauGGORlObOR4bLKBqf/n6PL8l8N0=
github.com/kevinburke/rest/v2 v2.15.0 h1:FaOMZqJMoHBSZheqqKWSkh37RksWEKc70douAHFB0wE=
github.com/kevinburke/rest/v2 v2.15.0/go.mod h1:X3cM9MKkTi8gorCGaMZ9q0/a/y908Ea1pOI9ha4zC7o=
github.com/kevinburke/twilio-go/v2 v2.14.0 h1:iazk+sQ5vVqPPPiVvJDAzBpUtx4nq47gV4x1W2H3GJc=
github.com/kevinburke/twilio-go/v2 v2.14.0/go.mod h1:zlG1p2R4NoCtptqJ24AcPlQlxa+y4g4v35aYlLXs6A0=
github.com/ttacon/builder v0.0.0-20170518171403-c099f663e1c2 h1:5u+EJUQiosu3JFX0XS0qTf5FznsMOzTjGqavBGuCbo0=
github.com/ttacon/builder v0.0.0-20170518171403-c099f663e1c2/go.mod h1:4kyMkleCiLkgY6z8gK5BkI01ChBtxR0ro3I1ZDcGM3w=
github.com/ttacon/libphonenumber v1.2.1 h1:fzOfY5zUADkCkbIafAed11gL1sW+bJ26p6zWLBMElR4=
github.com/ttacon/libphonenumber v1.2.1/go.mod h1:E0TpmdVMq5dyVlQ7oenAkhsLu86OkUl+yR4OAxyEg/M=
golang.org/x/crypto v0.51.0 h1:IBPXwPfKxY7cWQZ38ZCIRPI50YLeevDLlLnyC5wRGTI=
golang.org/x/crypto v0.51.0/go.mod h1:8AdwkbraGNABw2kOX6YFPs3WM22XqI4EXEd8g+x7Oc8=
golang.org/x/oauth2 v0.36.0 h1:peZ/1z27fi9hUOFCAZaHyrpWG5lwe0RJEEEeH0ThlIs=
golang.org/x/oauth2 v0.36.0/go.mod h1:YDBUJMTkDnJS+A4BP4eZBjCqtokkg1hODuPjwiGPO7Q=
golang.org/x/sync v0.20.0 h1:e0PTpb7pjO8GAtTs2dQ6jYa5BWYlMuX047Dco/pItO4=
golang.org/x/sync v0.20.0/go.mod h1:9xrNwdLfx4jkKbNva9FpL6vEN7evnE43NNNJQ2LF3+0=
golang.org/x/sys v0.44.0 h1:ildZl3J4uzeKP07r2F++Op7E9B29JRUy+a27EibtBTQ=
golang.org/x/sys v0.44.0/go.mod h1:4GL1E5IUh+htKOUEOaiffhrAeqysfVGipDYzABqnCmw=
golang.org/x/term v0.43.0 h1:S4RLU2sB31O/NCl+zFN9Aru9A/Cq2aqKpTZJ6B+DwT4=
golang.org/x/term v0.43.0/go.mod h1:lrhlHNdQJHO+1qVYiHfFKVuVioJIheAc3fBSMFYEIsk=
golang.org/x/text v0.37.0 h1:Cqjiwd9eSg8e0QAkyCaQTNHFIIzWtidPahFWR83rTrc=
golang.org/x/text v0.37.0/go.mod h1:a5sjxXGs9hsn/AJVwuElvCAo9v8QYLzvavO5z2PiM38=
google.golang.org/protobuf v1.36.11 h1:fV6ZwhNocDyBLK0dj+fg8ektcVegBBuEolpbTQyBNVE=
google.golang.org/protobuf v1.36.11/go.mod h1:HTf+CrKn2C3g5S8VImy6tdcUvCska2kB7j23XfzDpco=
