cloud.google.com/go/compute/metadata v0.9.0 h1:pDUj4QMoPejqq20dK0Pg2N4yG9zIkYGdBtwLoEkH9Zs=
cloud.google.com/go/compute/metadata v0.9.0/go.mod h1:E0bWwX5wTnLPedCKqk3pJmVgCBSM6qQI1yTBdEb3C10=
github.com/aristanetworks/goarista v0.0.0-20251201112602-a373d7c9f0d9 h1:sUmkQn9Eg+C0sRvW5jtAYUcfT1OWJf747YIh9MIvpWY=
github.com/aristanetworks/goarista v0.0.0-20251201112602-a373d7c9f0d9/go.mod h1:FP0assX+asxaJNbxWW6ZnYu/RtL6xtSlcJ7zqAmoRgI=
github.com/certifi/gocertifi v0.0.0-20210507211836-431795d63e8d h1:S2NE3iHSwP0XV47EEXL8mWmRdEfGscSJ+7EgePNgt0s=
github.com/certifi/gocertifi v0.0.0-20210507211836-431795d63e8d/go.mod h1:sGbDF6GwGcLpkNXPUTkMRoywsNa/ol15pxFe6ERfguA=
github.com/gofrs/uuid/v5 v5.4.0 h1:EfbpCTjqMuGyq5ZJwxqzn3Cbr2d0rUZU7v5ycAk/e/0=
github.com/gofrs/uuid/v5 v5.4.0/go.mod h1:CDOjlDMVAtN56jqyRUZh58JT31Tiw7/oQyEXZV+9bD8=
github.com/golang/groupcache v0.0.0-20241129210726-2c02b8208cf8 h1:f+oWsMOmNPc8JmEHVZIycC7hBoQxHH9pNKQORJNozsQ=
github.com/golang/groupcache v0.0.0-20241129210726-2c02b8208cf8/go.mod h1:wcDNUvekVysuuOpQKo3191zZyTpiI6se1N1ULghS0sw=
github.com/golang/protobuf v1.5.4 h1:i7eJL8qZTpSEXOPTxNKhASYpMn+8e5Q6AdndVa1dWek=
github.com/golang/protobuf v1.5.4/go.mod h1:lnTiLA8Wa4RWRcIUkrtSVa5nRhsEGBg48fD6rSs7xps=
github.com/google/go-cmp v0.7.0 h1:wk8382ETsv4JYUZwIsn6YpYiWiBsYLSJiTsyBybVuN8=
github.com/google/go-cmp v0.7.0/go.mod h1:pXiqmnSA92OHEEa9HXL2W4E7lf9JzCmGVUdgjX3N/iU=
github.com/inconshreveable/log15/v3 v3.2.1 h1:oS4MCb1d5ep7xppvSI/1na3wnpih1VbqkEJQAWIgop0=
github.com/inconshreveable/log15/v3 v3.2.1/go.mod h1:KzlHSHaUNx8G04/wxNni5+FSzHHl6c6qGYNcJcnxn68=
github.com/kevinburke/go-types v0.0.0-20260504162008-727f2bf5a955 h1:MCNURWwcsLbvmpu6jcGTVH+D1GDEPhI+isUg59vp3NM=
github.com/kevinburke/go-types v0.0.0-20260504162008-727f2bf5a955/go.mod h1:DvCvGeTLkbt6IYbRTmF1HvLYrFYgINh+OT/9spJreBY=
github.com/kevinburke/handlers v0.48.0 h1:KlLRpzjfAqkm5nyN5bEbNv+xpB89f76Ojs7sO1ui4sM=
github.com/kevinburke/handlers v0.48.0/go.mod h1:SU5P4j4X4RePv7gr4vNYp2fCWmkWMkqxNvFKRAHJLmk=
github.com/kevinburke/nacl v0.9.0 h1:2C9v+jXTUUlK19kw+9rqfsdO7riP5xIyHNJ3GvsgOro=
github.com/kevinburke/nacl v0.9.0/go.mod h1:qxFJhGMHIPiWJXUauGGORlObOR4bLKBqf/n6PL8l8N0=
github.com/kevinburke/raven-go v0.0.0-20161009192639-b8684db99b33 h1:lt56qRf8nV6Q91iTutj/KMk2tKiMGeme/zeo+nW93e8=
github.com/kevinburke/raven-go v0.0.0-20161009192639-b8684db99b33/go.mod h1:1tGc7TGy1lN4apsXl9I2ZnTDVg1DcVnJ7f2DyXozTfU=
github.com/kevinburke/rest v0.0.0-20260504163705-04a245549cc6 h1:EuHVhHxqfYDMmrWzOfeoFwg8x51zRexP95t4ypWB024=
github.com/kevinburke/rest v0.0.0-20260504163705-04a245549cc6/go.mod h1:Fqq3AMJ2uvn3zSO5bO+FIM3gzJcA1+zAPJU2SnrwOuc=
github.com/kevinburke/twilio-go v0.0.0-20260504164244-2e3e7dddbc33 h1:tPSBCefs2ScyHbvb2dOfO1LdRQ92HXgt1n/7eG7B6v0=
github.com/kevinburke/twilio-go v0.0.0-20260504164244-2e3e7dddbc33/go.mod h1:Z7bqFOTtIqCCIO+uPtod7Fp3gPMR8aTCcp5Pe8D+3fE=
github.com/mattn/go-colorable v0.1.14 h1:9A9LHSqF/7dyVVX6g0U9cwm9pG3kP9gSzcuIPHPsaIE=
github.com/mattn/go-colorable v0.1.14/go.mod h1:6LmQG8QLFO4G5z1gPvYEzlUgJ2wF+stgPZH1UqBm1s8=
github.com/mattn/go-isatty v0.0.22 h1:j8l17JJ9i6VGPUFUYoTUKPSgKe/83EYU2zBC7YNKMw4=
github.com/mattn/go-isatty v0.0.22/go.mod h1:ZXfXG4SQHsB/w3ZeOYbR0PrPwLy+n6xiMrJlRFqopa4=
github.com/ttacon/builder v0.0.0-20170518171403-c099f663e1c2 h1:5u+EJUQiosu3JFX0XS0qTf5FznsMOzTjGqavBGuCbo0=
github.com/ttacon/builder v0.0.0-20170518171403-c099f663e1c2/go.mod h1:4kyMkleCiLkgY6z8gK5BkI01ChBtxR0ro3I1ZDcGM3w=
github.com/ttacon/libphonenumber v1.2.1 h1:fzOfY5zUADkCkbIafAed11gL1sW+bJ26p6zWLBMElR4=
github.com/ttacon/libphonenumber v1.2.1/go.mod h1:E0TpmdVMq5dyVlQ7oenAkhsLu86OkUl+yR4OAxyEg/M=
golang.org/x/crypto v0.51.0 h1:IBPXwPfKxY7cWQZ38ZCIRPI50YLeevDLlLnyC5wRGTI=
golang.org/x/crypto v0.51.0/go.mod h1:8AdwkbraGNABw2kOX6YFPs3WM22XqI4EXEd8g+x7Oc8=
golang.org/x/net v0.54.0 h1:2zJIZAxAHV/OHCDTCOHAYehQzLfSXuf/5SoL/Dv6w/w=
golang.org/x/net v0.54.0/go.mod h1:Sj4oj8jK6XmHpBZU/zWHw3BV3abl4Kvi+Ut7cQcY+cQ=
golang.org/x/oauth2 v0.36.0 h1:peZ/1z27fi9hUOFCAZaHyrpWG5lwe0RJEEEeH0ThlIs=
golang.org/x/oauth2 v0.36.0/go.mod h1:YDBUJMTkDnJS+A4BP4eZBjCqtokkg1hODuPjwiGPO7Q=
golang.org/x/sync v0.20.0 h1:e0PTpb7pjO8GAtTs2dQ6jYa5BWYlMuX047Dco/pItO4=
golang.org/x/sync v0.20.0/go.mod h1:9xrNwdLfx4jkKbNva9FpL6vEN7evnE43NNNJQ2LF3+0=
golang.org/x/sys v0.44.0 h1:ildZl3J4uzeKP07r2F++Op7E9B29JRUy+a27EibtBTQ=
golang.org/x/sys v0.44.0/go.mod h1:4GL1E5IUh+htKOUEOaiffhrAeqysfVGipDYzABqnCmw=
golang.org/x/term v0.43.0 h1:S4RLU2sB31O/NCl+zFN9Aru9A/Cq2aqKpTZJ6B+DwT4=
golang.org/x/term v0.43.0/go.mod h1:lrhlHNdQJHO+1qVYiHfFKVuVioJIheAc3fBSMFYEIsk=
golang.org/x/text v0.37.0 h1:Cqjiwd9eSg8e0QAkyCaQTNHFIIzWtidPahFWR83rTrc=
golang.org/x/text v0.37.0/go.mod h1:a5sjxXGs9hsn/AJVwuElvCAo9v8QYLzvavO5z2PiM38=
google.golang.org/protobuf v1.36.11 h1:fV6ZwhNocDyBLK0dj+fg8ektcVegBBuEolpbTQyBNVE=
google.golang.org/protobuf v1.36.11/go.mod h1:HTf+CrKn2C3g5S8VImy6tdcUvCska2kB7j23XfzDpco=
gopkg.in/check.v1 v0.0.0-20161208181325-20d25e280405 h1:yhCVgyC4o1eVCa2tZl7eS0r+SDo693bJlVdllGtEeKM=
gopkg.in/check.v1 v0.0.0-20161208181325-20d25e280405/go.mod h1:Co6ibVJAznAaIkqp8huTwlJQCZ016jof/cbN4VW5Yz0=
gopkg.in/yaml.v2 v2.4.0 h1:D8xgwECY7CYvx+Y2n4sBz93Jn9JRvxdiyyo8CTfuKaY=
gopkg.in/yaml.v2 v2.4.0/go.mod h1:RDklbk79AGWmwhnvt/jBztapEOGDOx6ZbXqjP6csGnQ=
