# This file is autogenerated, do not edit; changes may be undone by the next 'dep ensure'.


[[projects]]
  name = "cloud.google.com/go"
  packages = ["compute/metadata"]
  revision = "a5913b3f7deecba45e98ff33cefbac4fd204ddd7"
  version = "v0.10.0"

[[projects]]
  branch = "master"
  name = "github.com/aristanetworks/goarista"
  packages = ["monotime"]
  revision = "8ab803d6502ea1e05a8c9b73193b405291efb7ce"

[[projects]]
  name = "github.com/certifi/gocertifi"
  packages = ["."]
  revision = "a9c833d2837d3b16888d55d5aafa9ffe9afb22b0"
  version = "2017.04.17"

[[projects]]
  branch = "master"
  name = "github.com/golang/groupcache"
  packages = ["lru","singleflight"]
  revision = "b710c8433bd175204919eb38776e944233235d03"

[[projects]]
  branch = "master"
  name = "github.com/golang/protobuf"
  packages = ["proto"]
  revision = "0a4f71a498b7c4812f64969510bcb4eca251e33a"

[[projects]]
  name = "github.com/inconshreveable/log15"
  packages = [".","term"]
  revision = "b105bd37f74e5d9dc7b6ad7806715c7a2b83fd3f"
  version = "v2.11"

[[projects]]
  name = "github.com/kevinburke/go-types"
  packages = ["."]
  revision = "ba9c6cec202c82e052f686d0640181b99f851970"
  version = "0.20"

[[projects]]
  name = "github.com/kevinburke/handlers"
  packages = ["."]
  revision = "b68f4173c7e0843592cc3ac4ea1c066acb327ad5"
  version = "0.29"

[[projects]]
  name = "github.com/kevinburke/nacl"
  packages = [".","onetimeauth","randombytes","secretbox"]
  revision = "e9536ea1966db534cbd804b4dbfff79276392f58"
  version = "0.1"

[[projects]]
  branch = "master"
  name = "github.com/kevinburke/raven-go"
  packages = ["."]
  revision = "b8684db99b339af19aa6f067df3be9de6e995f89"

[[projects]]
  name = "github.com/kevinburke/rest"
  packages = ["."]
  revision = "67ce29f826f2153dfdb5df53c0ff7f655efb36f0"
  version = "1.0"

[[projects]]
  name = "github.com/kevinburke/twilio-go"
  packages = ["."]
  revision = "9ee8c4e5d9f73a4912ab23979a7a3e0e08c12a02"
  version = "0.65"

[[projects]]
  name = "github.com/mattn/go-colorable"
  packages = ["."]
  revision = "941b50ebc6efddf4c41c8e4537a5f68a4e686b24"
  version = "v0.0.8"

[[projects]]
  name = "github.com/mattn/go-isatty"
  packages = ["."]
  revision = "fc9e8d8ef48496124e79ae0df75490096eccf6fe"
  version = "v0.0.2"

[[projects]]
  name = "github.com/satori/go.uuid"
  packages = ["."]
  revision = "879c5887cd475cd7864858769793b2ceb0d44feb"
  version = "v1.1.0"

[[projects]]
  branch = "master"
  name = "github.com/ttacon/builder"
  packages = ["."]
  revision = "c099f663e1c235176c175644792c5eb282017ad7"

[[projects]]
  branch = "master"
  name = "github.com/ttacon/libphonenumber"
  packages = ["."]
  revision = "f9c5ddf85ffa9cc802cb511f9ab4733d7d8fbb0e"

[[projects]]
  branch = "master"
  name = "golang.org/x/crypto"
  packages = ["poly1305","salsa20/salsa"]
  revision = "6914964337150723782436d56b3f21610a74ce7b"

[[projects]]
  branch = "master"
  name = "golang.org/x/net"
  packages = ["context","context/ctxhttp"]
  revision = "7b7efd8000731a766f6cbfa2c04010627521c66e"

[[projects]]
  branch = "master"
  name = "golang.org/x/oauth2"
  packages = [".","google","internal","jws","jwt"]
  revision = "b53b38ad8a6435bd399ea76d0fa74f23149cca4e"

[[projects]]
  branch = "master"
  name = "golang.org/x/sync"
  packages = ["errgroup"]
  revision = "f52d1811a62927559de87708c8913c1650ce4f26"

[[projects]]
  branch = "master"
  name = "golang.org/x/sys"
  packages = ["unix"]
  revision = "7a4fde3fda8ef580a89dbae8138c26041be14299"

[[projects]]
  name = "google.golang.org/appengine"
  packages = [".","internal","internal/app_identity","internal/base","internal/datastore","internal/log","internal/modules","internal/remote_api","internal/urlfetch","urlfetch"]
  revision = "150dc57a1b433e64154302bdc40b6bb8aefa313a"
  version = "v1.0.0"

[[projects]]
  name = "gopkg.in/inconshreveable/log15.v2"
  packages = ["stack","term"]
  revision = "dc7890abeaadcb6a79a9a5ee30bc1897bbf97713"
  version = "v2.10"

[[projects]]
  branch = "v2"
  name = "gopkg.in/yaml.v2"
  packages = ["."]
  revision = "3b4ad1db5b2a649883ff3782f5f9f6fb52be71af"

[solve-meta]
  analyzer-name = "dep"
  analyzer-version = 1
  inputs-digest = "532799dfbdc1f74bd45495d6443c79c0b2b32f28957e9c8af3388836f4803146"
  solver-name = "gps-cdcl"
  solver-version = 1
